
Microsoft Visual Studio Solution File, Format Version 12.00
# Visual Studio Version 17
VisualStudioVersion = 17.8.34316.72
MinimumVisualStudioVersion = 10.0.40219.1
Project("{FAE04EC0-301F-11D3-BF4B-00C04F79EFBC}") = "PreformWPF", "PreformWPF\PreformWPF.csproj", "{D1286A19-74B9-4008-9D9D-0E35ABF18302}"
EndProject
Global
	GlobalSection(SolutionConfigurationPlatforms) = preSolution
		Debug|Any CPU = Debug|Any CPU
		Release|Any CPU = Release|Any CPU
	EndGlobalSection
	GlobalSection(ProjectConfigurationPlatforms) = postSolution
		{D1286A19-74B9-4008-9D9D-0E35ABF18302}.Debug|Any CPU.ActiveCfg = Debug|Any CPU
		{D1286A19-74B9-4008-9D9D-0E35ABF18302}.Debug|Any CPU.Build.0 = Debug|Any CPU
		{D1286A19-74B9-4008-9D9D-0E35ABF18302}.Release|Any CPU.ActiveCfg = Release|Any CPU
		{D1286A19-74B9-4008-9D9D-0E35ABF18302}.Release|Any CPU.Build.0 = Release|Any CPU
	EndGlobalSection
	GlobalSection(SolutionProperties) = preSolution
		HideSolutionNode = FALSE
	EndGlobalSection
	GlobalSection(ExtensibilityGlobals) = postSolution
		SolutionGuid = {D3A2D5C0-313C-49EF-B156-E31141DCEFEE}
	EndGlobalSection
EndGlobal
